
Microsoft Visual Studio Solution File, Format Version 12.00
# Visual Studio Version 17
VisualStudioVersion = 17.8.34511.84
MinimumVisualStudioVersion = 10.0.40219.1
Project("{8BC9CEB8-8B4A-11D0-8D11-00A0C91BC942}") = "Skull Breaker", "Skull Breaker.vcxproj", "{B11F882C-7425-4C65-A14B-31E345B2A939}"
EndProject
Global
	GlobalSection(SolutionConfigurationPlatforms) = preSolution
		Debug|x64 = Debug|x64
		Debug|x86 = Debug|x86
		Release|x64 = Release|x64
		Release|x86 = Release|x86
	EndGlobalSection
	GlobalSection(ProjectConfigurationPlatforms) = postSolution
		{B11F882C-7425-4C65-A14B-31E345B2A939}.Debug|x64.ActiveCfg = Debug|x64
		{B11F882C-7425-4C65-A14B-31E345B2A939}.Debug|x64.Build.0 = Debug|x64
		{B11F882C-7425-4C65-A14B-31E345B2A939}.Debug|x86.ActiveCfg = Debug|Win32
		{B11F882C-7425-4C65-A14B-31E345B2A939}.Debug|x86.Build.0 = Debug|Win32
		{B11F882C-7425-4C65-A14B-31E345B2A939}.Release|x64.ActiveCfg = Release|x64
		{B11F882C-7425-4C65-A14B-31E345B2A939}.Release|x64.Build.0 = Release|x64
		{B11F882C-7425-4C65-A14B-31E345B2A939}.Release|x86.ActiveCfg = Release|Win32
		{B11F882C-7425-4C65-A14B-31E345B2A939}.Release|x86.Build.0 = Release|Win32
	EndGlobalSection
	GlobalSection(SolutionProperties) = preSolution
		HideSolutionNode = FALSE
	EndGlobalSection
	GlobalSection(ExtensibilityGlobals) = postSolution
		SolutionGuid = {A88A25B0-D912-41B4-A3A4-14D80D37066C}
	EndGlobalSection
EndGlobal
