
Microsoft Visual Studio Solution File, Format Version 12.00
# Visual Studio Version 17
VisualStudioVersion = 17.8.34511.84
MinimumVisualStudioVersion = 10.0.40219.1
Project("{8BC9CEB8-8B4A-11D0-8D11-00A0C91BC942}") = "Skull Breaker", "Skull Breaker.vcxproj", "{83E3C760-AB89-4CB0-B632-B48CB8C3FC6E}"
EndProject
Global
	GlobalSection(SolutionConfigurationPlatforms) = preSolution
		Debug|x64 = Debug|x64
		Debug|x86 = Debug|x86
		Release|x64 = Release|x64
		Release|x86 = Release|x86
	EndGlobalSection
	GlobalSection(ProjectConfigurationPlatforms) = postSolution
		{83E3C760-AB89-4CB0-B632-B48CB8C3FC6E}.Debug|x64.ActiveCfg = Debug|x64
		{83E3C760-AB89-4CB0-B632-B48CB8C3FC6E}.Debug|x64.Build.0 = Debug|x64
		{83E3C760-AB89-4CB0-B632-B48CB8C3FC6E}.Debug|x86.ActiveCfg = Debug|Win32
		{83E3C760-AB89-4CB0-B632-B48CB8C3FC6E}.Debug|x86.Build.0 = Debug|Win32
		{83E3C760-AB89-4CB0-B632-B48CB8C3FC6E}.Release|x64.ActiveCfg = Release|x64
		{83E3C760-AB89-4CB0-B632-B48CB8C3FC6E}.Release|x64.Build.0 = Release|x64
		{83E3C760-AB89-4CB0-B632-B48CB8C3FC6E}.Release|x86.ActiveCfg = Release|Win32
		{83E3C760-AB89-4CB0-B632-B48CB8C3FC6E}.Release|x86.Build.0 = Release|Win32
	EndGlobalSection
	GlobalSection(SolutionProperties) = preSolution
		HideSolutionNode = FALSE
	EndGlobalSection
	GlobalSection(ExtensibilityGlobals) = postSolution
		SolutionGuid = {7554284E-683B-4D48-8B9D-99F1D1D9CAA4}
	EndGlobalSection
EndGlobal
